{
  "name": "doomscroller",
  "lockfileVersion": 3,
  "requires": true,
  "packages": {
    "": {
      "dependencies": {
        "@simular-ai/simulang-js": "^6.0.1"
      },
      "devDependencies": {
        "@types/node": "^25.8.0",
        "typescript": "^6.0.3"
      },
      "engines": {
        "node": ">= 22.18"
      }
    },
    "node_modules/@simular-ai/simulang-js": {
      "version": "6.0.1",
      "resolved": "https://registry.npmjs.org/@simular-ai/simulang-js/-/simulang-js-6.0.1.tgz",
      "integrity": "sha512-6Qh7UbZ5eJI3/3iuuSIBqXqlNHFxKjyHWARmrtVrNVDIk0Y2qL8DboJecOK0Xa0l6OD5YCgNeZWW/Ynx3iHZVQ==",
      "hasInstallScript": true,
      "license": "MIT",
      "bin": {
        "simulang-init-claude": "bin/init-claude.mjs"
      },
      "engines": {
        "node": ">= 20"
      },
      "optionalDependencies": {
        "@simular-ai/simulang-js-darwin-arm64": "6.0.1",
        "@simular-ai/simulang-js-darwin-x64": "6.0.1",
        "@simular-ai/simulang-js-linux-arm64-gnu": "6.0.1",
        "@simular-ai/simulang-js-linux-x64-gnu": "6.0.1",
        "@simular-ai/simulang-js-win32-arm64-msvc": "6.0.1",
        "@simular-ai/simulang-js-win32-x64-msvc": "6.0.1"
      }
    },
    "node_modules/@simular-ai/simulang-js-darwin-arm64": {
      "version": "6.0.1",
      "resolved": "https://registry.npmjs.org/@simular-ai/simulang-js-darwin-arm64/-/simulang-js-darwin-arm64-6.0.1.tgz",
      "integrity": "sha512-4/2v41pOTwiufdGrzr1eTEIayZQYiUWZ/sZc50SsFCnSmiBZulizMUpnaHtEn0H63Ue3xUclxtGWqiEs1cal3w==",
      "cpu": [
        "arm64"
      ],
      "license": "MIT",
      "optional": true,
      "os": [
        "darwin"
      ],
      "engines": {
        "node": ">= 20"
      }
    },
    "node_modules/@simular-ai/simulang-js-darwin-x64": {
      "version": "6.0.1",
      "resolved": "https://registry.npmjs.org/@simular-ai/simulang-js-darwin-x64/-/simulang-js-darwin-x64-6.0.1.tgz",
      "integrity": "sha512-TPlfSIM/nG6nhENup+pNt7dVdN6fjKl1oXJ44aECFfI/zu+8WL2y9wA7SSskRrk4N0U1dFf4K7Pf1SIYmHihOA==",
      "cpu": [
        "x64"
      ],
      "license": "MIT",
      "optional": true,
      "os": [
        "darwin"
      ],
      "engines": {
        "node": ">= 20"
      }
    },
    "node_modules/@simular-ai/simulang-js-linux-arm64-gnu": {
      "version": "6.0.1",
      "resolved": "https://registry.npmjs.org/@simular-ai/simulang-js-linux-arm64-gnu/-/simulang-js-linux-arm64-gnu-6.0.1.tgz",
      "integrity": "sha512-W5ccwvAMDqPKHxhBCvJs1TM8J5IIrL4YvsnvsLHAQDynbL8aiz2iG9pzJFF9PEShhTUe0FbL37E0bQr4wg3cUg==",
      "cpu": [
        "arm64"
      ],
      "libc": [
        "glibc"
      ],
      "license": "MIT",
      "optional": true,
      "os": [
        "linux"
      ],
      "engines": {
        "node": ">= 20"
      }
    },
    "node_modules/@simular-ai/simulang-js-linux-x64-gnu": {
      "version": "6.0.1",
      "resolved": "https://registry.npmjs.org/@simular-ai/simulang-js-linux-x64-gnu/-/simulang-js-linux-x64-gnu-6.0.1.tgz",
      "integrity": "sha512-R+UUJ6Db7iOnZYdMaxTkVFhmDOWgiHpT/V7FOBa8NqaOem+jyCCMZN7IQjTfYEOjtXejYVv7rLXKON7Eu4TMCg==",
      "cpu": [
        "x64"
      ],
      "libc": [
        "glibc"
      ],
      "license": "MIT",
      "optional": true,
      "os": [
        "linux"
      ],
      "engines": {
        "node": ">= 20"
      }
    },
    "node_modules/@simular-ai/simulang-js-win32-arm64-msvc": {
      "version": "6.0.1",
      "resolved": "https://registry.npmjs.org/@simular-ai/simulang-js-win32-arm64-msvc/-/simulang-js-win32-arm64-msvc-6.0.1.tgz",
      "integrity": "sha512-seTmMA7BUMnGBds8sVelyS8hVKCxHr+ptgFVUtUVvZdcDLeS8SgNN/9GwxpVMt/UNNFuCHDLn1JktWypGu31wg==",
      "cpu": [
        "arm64"
      ],
      "license": "MIT",
      "optional": true,
      "os": [
        "win32"
      ],
      "engines": {
        "node": ">= 20"
      }
    },
    "node_modules/@simular-ai/simulang-js-win32-x64-msvc": {
      "version": "6.0.1",
      "resolved": "https://registry.npmjs.org/@simular-ai/simulang-js-win32-x64-msvc/-/simulang-js-win32-x64-msvc-6.0.1.tgz",
      "integrity": "sha512-IOMgnPDJLKTTZyKwMVBfvRGImQSjbDYJBwp5Bs8XQ96mXKe03hmBAdMmdbjnrCIK5wF0MJkxL+vCXmwLJ/CjAg==",
      "cpu": [
        "x64"
      ],
      "license": "MIT",
      "optional": true,
      "os": [
        "win32"
      ],
      "engines": {
        "node": ">= 20"
      }
    },
    "node_modules/@types/node": {
      "version": "25.8.0",
      "resolved": "https://registry.npmjs.org/@types/node/-/node-25.8.0.tgz",
      "integrity": "sha512-TCFSk8IZh+iLX1xtksoBVtdmgL+1IX0fC9BeU4QqFSuNdN/K+HUlhqOzEmSYYpZUVsLYcPqc9KX+60iDuninSQ==",
      "dev": true,
      "license": "MIT",
      "dependencies": {
        "undici-types": ">=7.24.0 <7.24.7"
      }
    },
    "node_modules/typescript": {
      "version": "6.0.3",
      "resolved": "https://registry.npmjs.org/typescript/-/typescript-6.0.3.tgz",
      "integrity": "sha512-y2TvuxSZPDyQakkFRPZHKFm+KKVqIisdg9/CZwm9ftvKXLP8NRWj38/ODjNbr43SsoXqNuAisEf1GdCxqWcdBw==",
      "dev": true,
      "license": "Apache-2.0",
      "bin": {
        "tsc": "bin/tsc",
        "tsserver": "bin/tsserver"
      },
      "engines": {
        "node": ">=14.17"
      }
    },
    "node_modules/undici-types": {
      "version": "7.24.6",
      "resolved": "https://registry.npmjs.org/undici-types/-/undici-types-7.24.6.tgz",
      "integrity": "sha512-WRNW+sJgj5OBN4/0JpHFqtqzhpbnV0GuB+OozA9gCL7a993SmU+1JBZCzLNxYsbMfIeDL+lTsphD5jN5N+n0zg==",
      "dev": true,
      "license": "MIT"
    }
  }
}
